{
    "_meta": {
        "hash": {
            "sha256": "2f6eed6b5aa158a323bc1fb265bb10e4d10dd55352c6e54903c92d04e3cee498"
        },
        "host-environment-markers": {
            "implementation_name": "cpython",
            "implementation_version": "3.6.2",
            "os_name": "nt",
            "platform_machine": "AMD64",
            "platform_python_implementation": "CPython",
            "platform_release": "10",
            "platform_system": "Windows",
            "platform_version": "10.0.16299",
            "python_full_version": "3.6.2",
            "python_version": "3.6",
            "sys_platform": "win32"
        },
        "pipfile-spec": 6,
        "requires": {
            "python_version": "3.6"
        },
        "sources": [
            {
                "name": "pypi",
                "url": "https://pypi.org/simple",
                "verify_ssl": true
            }
        ]
    },
    "default": {
        "certifi": {
            "hashes": [],
            "version": "==2018.4.16"
        },
        "future": {
            "hashes": [],
            "version": "==0.16.0"
        },
        "peewee": {
            "hashes": [],
            "version": "==3.5.1"
        },
        "pyaes": {
            "hashes": [],
            "version": "==1.6.1"
        },
        "pyrogram": {
            "hashes": [],
            "version": "==0.7.5"
        },
        "pysocks": {
            "hashes": [],
            "version": "==1.6.8"
        },
        "python-decouple": {
            "hashes": [],
            "version": "==3.1"
        },
        "python-telegram-bot": {
            "hashes": [],
            "version": "==10.1.0"
        },
        "six": {
            "hashes": [],
            "version": "==1.11.0"
        },
        "tgcrypto": {
            "hashes": [],
            "version": "==1.0.4"
        },
        "transliterate": {
            "hashes": [],
            "version": "==1.10.1"
        }
    },
    "develop": {}
}
